// !$*UTF8*$!
{
	archiveVersion = 1;
	classes = {
	};
	objectVersion = 51;
	objects = {

/* Begin PBXBuildFile section */
		4E0DF5A62448A82A0029EC24 /* WebView.swift in Sources */ = {isa = PBXBuildFile; fileRef = 4E0DF5A52448A82A0029EC24 /* WebView.swift */; };
		4E157B602440DF3600BE0C81 /* HotTopicsView.swift in Sources */ = {isa = PBXBuildFile; fileRef = 4E157B5F2440DF3600BE0C81 /* HotTopicsView.swift */; };
		4E281BAF25DAE63300E25C3D /* PreferencesView.swift in Sources */ = {isa = PBXBuildFile; fileRef = 4E281BAE25DAE63300E25C3D /* PreferencesView.swift */; };
		4E55BC58243398B00062FF40 /* ImageLoader.swift in Sources */ = {isa = PBXBuildFile; fileRef = 4E55BC57243398B00062FF40 /* ImageLoader.swift */; };
		4E70AD31242CF9BD007ACD09 /* NewsManager.swift in Sources */ = {isa = PBXBuildFile; fileRef = 4E70AD30242CF9BD007ACD09 /* NewsManager.swift */; };
		4E70AD33242CFE9B007ACD09 /* NewsData.swift in Sources */ = {isa = PBXBuildFile; fileRef = 4E70AD32242CFE9B007ACD09 /* NewsData.swift */; };
		4E70AD35242D0B57007ACD09 /* NewsModel.swift in Sources */ = {isa = PBXBuildFile; fileRef = 4E70AD34242D0B57007ACD09 /* NewsModel.swift */; };
		4E8A99EC2545E91200EFECB9 /* ImageView.swift in Sources */ = {isa = PBXBuildFile; fileRef = 4E8A99EB2545E91200EFECB9 /* ImageView.swift */; };
		4EA3C8852444A6BC00E2A069 /* LatestNewsView.swift in Sources */ = {isa = PBXBuildFile; fileRef = 4EA3C8842444A6BC00E2A069 /* LatestNewsView.swift */; };
		4EA55AEE243628C300331C43 /* GoogleService-Info.plist in Resources */ = {isa = PBXBuildFile; fileRef = 4EA55AED243628C300331C43 /* GoogleService-Info.plist */; };
		4EA988CF243A357000863D7F /* SignUpView.swift in Sources */ = {isa = PBXBuildFile; fileRef = 4EA988CE243A357000863D7F /* SignUpView.swift */; };
		4EA988D1243A4D3500863D7F /* ContentView.swift in Sources */ = {isa = PBXBuildFile; fileRef = 4EA988D0243A4D3500863D7F /* ContentView.swift */; };
		4EB5500D2427C9AF001BDC2D /* MainView.swift in Sources */ = {isa = PBXBuildFile; fileRef = 4EB5500C2427C9AF001BDC2D /* MainView.swift */; };
		4EB5500F2427CB71001BDC2D /* HighlightView.swift in Sources */ = {isa = PBXBuildFile; fileRef = 4EB5500E2427CB71001BDC2D /* HighlightView.swift */; };
		4ECAE56224278A0600BC32AA /* AppDelegate.swift in Sources */ = {isa = PBXBuildFile; fileRef = 4ECAE56124278A0600BC32AA /* AppDelegate.swift */; };
		4ECAE56424278A0600BC32AA /* SceneDelegate.swift in Sources */ = {isa = PBXBuildFile; fileRef = 4ECAE56324278A0600BC32AA /* SceneDelegate.swift */; };
		4ECAE56624278A0600BC32AA /* TopView.swift in Sources */ = {isa = PBXBuildFile; fileRef = 4ECAE56524278A0600BC32AA /* TopView.swift */; };
		4ECAE56824278A0900BC32AA /* Assets.xcassets in Resources */ = {isa = PBXBuildFile; fileRef = 4ECAE56724278A0900BC32AA /* Assets.xcassets */; };
		4ECAE56B24278A0900BC32AA /* Preview Assets.xcassets in Resources */ = {isa = PBXBuildFile; fileRef = 4ECAE56A24278A0900BC32AA /* Preview Assets.xcassets */; };
		4ECAE56E24278A0900BC32AA /* LaunchScreen.storyboard in Resources */ = {isa = PBXBuildFile; fileRef = 4ECAE56C24278A0900BC32AA /* LaunchScreen.storyboard */; };
		4EF82500243F66420008954D /* SettingView.swift in Sources */ = {isa = PBXBuildFile; fileRef = 4EF824FF243F66420008954D /* SettingView.swift */; };
		4EF91D6D24379B0600EC53C6 /* LogInView.swift in Sources */ = {isa = PBXBuildFile; fileRef = 4EF91D6C24379B0600EC53C6 /* LogInView.swift */; };
		7061A5364BD1FC9D16D62AB8 /* Pods_KabNews.framework in Frameworks */ = {isa = PBXBuildFile; fileRef = B3167CEB7121A41D61A0C5E9 /* Pods_KabNews.framework */; };
/* End PBXBuildFile section */

/* Begin PBXFileReference section */
		4E0DF5A52448A82A0029EC24 /* WebView.swift */ = {isa = PBXFileReference; lastKnownFileType = sourcecode.swift; path = WebView.swift; sourceTree = "<group>"; };
		4E157B5F2440DF3600BE0C81 /* HotTopicsView.swift */ = {isa = PBXFileReference; lastKnownFileType = sourcecode.swift; path = HotTopicsView.swift; sourceTree = "<group>"; };
		4E281BAE25DAE63300E25C3D /* PreferencesView.swift */ = {isa = PBXFileReference; lastKnownFileType = sourcecode.swift; path = PreferencesView.swift; sourceTree = "<group>"; };
		4E55BC57243398B00062FF40 /* ImageLoader.swift */ = {isa = PBXFileReference; lastKnownFileType = sourcecode.swift; path = ImageLoader.swift; sourceTree = "<group>"; };
		4E70AD30242CF9BD007ACD09 /* NewsManager.swift */ = {isa = PBXFileReference; lastKnownFileType = sourcecode.swift; path = NewsManager.swift; sourceTree = "<group>"; };
		4E70AD32242CFE9B007ACD09 /* NewsData.swift */ = {isa = PBXFileReference; lastKnownFileType = sourcecode.swift; path = NewsData.swift; sourceTree = "<group>"; };
		4E70AD34242D0B57007ACD09 /* NewsModel.swift */ = {isa = PBXFileReference; lastKnownFileType = sourcecode.swift; path = NewsModel.swift; sourceTree = "<group>"; };
		4E8A99EB2545E91200EFECB9 /* ImageView.swift */ = {isa = PBXFileReference; lastKnownFileType = sourcecode.swift; path = ImageView.swift; sourceTree = "<group>"; };
		4EA3C8842444A6BC00E2A069 /* LatestNewsView.swift */ = {isa = PBXFileReference; lastKnownFileType = sourcecode.swift; path = LatestNewsView.swift; sourceTree = "<group>"; };
		4EA55AED243628C300331C43 /* GoogleService-Info.plist */ = {isa = PBXFileReference; fileEncoding = 4; lastKnownFileType = text.plist.xml; path = "GoogleService-Info.plist"; sourceTree = "<group>"; };
		4EA988CE243A357000863D7F /* SignUpView.swift */ = {isa = PBXFileReference; lastKnownFileType = sourcecode.swift; path = SignUpView.swift; sourceTree = "<group>"; };
		4EA988D0243A4D3500863D7F /* ContentView.swift */ = {isa = PBXFileReference; lastKnownFileType = sourcecode.swift; path = ContentView.swift; sourceTree = "<group>"; };
		4EB5500C2427C9AF001BDC2D /* MainView.swift */ = {isa = PBXFileReference; lastKnownFileType = sourcecode.swift; path = MainView.swift; sourceTree = "<group>"; };
		4EB5500E2427CB71001BDC2D /* HighlightView.swift */ = {isa = PBXFileReference; lastKnownFileType = sourcecode.swift; path = HighlightView.swift; sourceTree = "<group>"; };
		4ECAE55E24278A0600BC32AA /* KabNews.app */ = {isa = PBXFileReference; explicitFileType = wrapper.application; includeInIndex = 0; path = KabNews.app; sourceTree = BUILT_PRODUCTS_DIR; };
		4ECAE56124278A0600BC32AA /* AppDelegate.swift */ = {isa = PBXFileReference; lastKnownFileType = sourcecode.swift; path = AppDelegate.swift; sourceTree = "<group>"; };
		4ECAE56324278A0600BC32AA /* SceneDelegate.swift */ = {isa = PBXFileReference; lastKnownFileType = sourcecode.swift; path = SceneDelegate.swift; sourceTree = "<group>"; };
		4ECAE56524278A0600BC32AA /* TopView.swift */ = {isa = PBXFileReference; lastKnownFileType = sourcecode.swift; path = TopView.swift; sourceTree = "<group>"; };
		4ECAE56724278A0900BC32AA /* Assets.xcassets */ = {isa = PBXFileReference; lastKnownFileType = folder.assetcatalog; path = Assets.xcassets; sourceTree = "<group>"; };
		4ECAE56A24278A0900BC32AA /* Preview Assets.xcassets */ = {isa = PBXFileReference; lastKnownFileType = folder.assetcatalog; path = "Preview Assets.xcassets"; sourceTree = "<group>"; };
		4ECAE56D24278A0900BC32AA /* Base */ = {isa = PBXFileReference; lastKnownFileType = file.storyboard; name = Base; path = Base.lproj/LaunchScreen.storyboard; sourceTree = "<group>"; };
		4ECAE56F24278A0900BC32AA /* Info.plist */ = {isa = PBXFileReference; lastKnownFileType = text.plist.xml; path = Info.plist; sourceTree = "<group>"; };
		4EF824FF243F66420008954D /* SettingView.swift */ = {isa = PBXFileReference; lastKnownFileType = sourcecode.swift; path = SettingView.swift; sourceTree = "<group>"; };
		4EF91D6C24379B0600EC53C6 /* LogInView.swift */ = {isa = PBXFileReference; lastKnownFileType = sourcecode.swift; path = LogInView.swift; sourceTree = "<group>"; };
		8129B4344619DDC7D9A8D288 /* Pods-KabNews.release.xcconfig */ = {isa = PBXFileReference; includeInIndex = 1; lastKnownFileType = text.xcconfig; name = "Pods-KabNews.release.xcconfig"; path = "Target Support Files/Pods-KabNews/Pods-KabNews.release.xcconfig"; sourceTree = "<group>"; };
		B3167CEB7121A41D61A0C5E9 /* Pods_KabNews.framework */ = {isa = PBXFileReference; explicitFileType = wrapper.framework; includeInIndex = 0; path = Pods_KabNews.framework; sourceTree = BUILT_PRODUCTS_DIR; };
		DD617ABD0DB9366EED3ACB52 /* Pods-KabNews.debug.xcconfig */ = {isa = PBXFileReference; includeInIndex = 1; lastKnownFileType = text.xcconfig; name = "Pods-KabNews.debug.xcconfig"; path = "Target Support Files/Pods-KabNews/Pods-KabNews.debug.xcconfig"; sourceTree = "<group>"; };
/* End PBXFileReference section */

/* Begin PBXFrameworksBuildPhase section */
		4ECAE55B24278A0600BC32AA /* Frameworks */ = {
			isa = PBXFrameworksBuildPhase;
			buildActionMask = 2147483647;
			files = (
				7061A5364BD1FC9D16D62AB8 /* Pods_KabNews.framework in Frameworks */,
			);
			runOnlyForDeploymentPostprocessing = 0;
		};
/* End PBXFrameworksBuildPhase section */

/* Begin PBXGroup section */
		1E90774888012E08C36DAC3E /* Pods */ = {
			isa = PBXGroup;
			children = (
				DD617ABD0DB9366EED3ACB52 /* Pods-KabNews.debug.xcconfig */,
				8129B4344619DDC7D9A8D288 /* Pods-KabNews.release.xcconfig */,
			);
			path = Pods;
			sourceTree = "<group>";
		};
		4E70AD2C242CF956007ACD09 /* View */ = {
			isa = PBXGroup;
			children = (
				4EA988D0243A4D3500863D7F /* ContentView.swift */,
				4EB5500C2427C9AF001BDC2D /* MainView.swift */,
				4EF91D6C24379B0600EC53C6 /* LogInView.swift */,
				4EA988CE243A357000863D7F /* SignUpView.swift */,
				4E281BAE25DAE63300E25C3D /* PreferencesView.swift */,
				4ECAE56524278A0600BC32AA /* TopView.swift */,
				4E8A99EB2545E91200EFECB9 /* ImageView.swift */,
				4E157B5F2440DF3600BE0C81 /* HotTopicsView.swift */,
				4EA3C8842444A6BC00E2A069 /* LatestNewsView.swift */,
				4EB5500E2427CB71001BDC2D /* HighlightView.swift */,
				4EF824FF243F66420008954D /* SettingView.swift */,
				4E0DF5A52448A82A0029EC24 /* WebView.swift */,
			);
			path = View;
			sourceTree = "<group>";
		};
		4E70AD2F242CF98C007ACD09 /* Model */ = {
			isa = PBXGroup;
			children = (
				4E70AD32242CFE9B007ACD09 /* NewsData.swift */,
				4E70AD34242D0B57007ACD09 /* NewsModel.swift */,
			);
			path = Model;
			sourceTree = "<group>";
		};
		4EB3490524BB24F400D9DC25 /* ViewModel */ = {
			isa = PBXGroup;
			children = (
				4E70AD30242CF9BD007ACD09 /* NewsManager.swift */,
				4E55BC57243398B00062FF40 /* ImageLoader.swift */,
			);
			path = ViewModel;
			sourceTree = "<group>";
		};
		4ECAE55524278A0600BC32AA = {
			isa = PBXGroup;
			children = (
				4ECAE56024278A0600BC32AA /* KabNews */,
				4ECAE55F24278A0600BC32AA /* Products */,
				1E90774888012E08C36DAC3E /* Pods */,
				E948489A3E2A01F897420112 /* Frameworks */,
			);
			sourceTree = "<group>";
		};
		4ECAE55F24278A0600BC32AA /* Products */ = {
			isa = PBXGroup;
			children = (
				4ECAE55E24278A0600BC32AA /* KabNews.app */,
			);
			name = Products;
			sourceTree = "<group>";
		};
		4ECAE56024278A0600BC32AA /* KabNews */ = {
			isa = PBXGroup;
			children = (
				4ECAE56124278A0600BC32AA /* AppDelegate.swift */,
				4ECAE56324278A0600BC32AA /* SceneDelegate.swift */,
				4EB3490524BB24F400D9DC25 /* ViewModel */,
				4E70AD2C242CF956007ACD09 /* View */,
				4E70AD2F242CF98C007ACD09 /* Model */,
				4ECAE56724278A0900BC32AA /* Assets.xcassets */,
				4ECAE56C24278A0900BC32AA /* LaunchScreen.storyboard */,
				4ECAE56F24278A0900BC32AA /* Info.plist */,
				4EA55AED243628C300331C43 /* GoogleService-Info.plist */,
				4ECAE56924278A0900BC32AA /* Preview Content */,
			);
			path = KabNews;
			sourceTree = "<group>";
		};
		4ECAE56924278A0900BC32AA /* Preview Content */ = {
			isa = PBXGroup;
			children = (
				4ECAE56A24278A0900BC32AA /* Preview Assets.xcassets */,
			);
			path = "Preview Content";
			sourceTree = "<group>";
		};
		E948489A3E2A01F897420112 /* Frameworks */ = {
			isa = PBXGroup;
			children = (
				B3167CEB7121A41D61A0C5E9 /* Pods_KabNews.framework */,
			);
			name = Frameworks;
			sourceTree = "<group>";
		};
/* End PBXGroup section */

/* Begin PBXNativeTarget section */
		4ECAE55D24278A0600BC32AA /* KabNews */ = {
			isa = PBXNativeTarget;
			buildConfigurationList = 4ECAE57224278A0900BC32AA /* Build configuration list for PBXNativeTarget "KabNews" */;
			buildPhases = (
				88EB35E1D012007D7EB1AFFF /* [CP] Check Pods Manifest.lock */,
				4ECAE55A24278A0600BC32AA /* Sources */,
				4ECAE55B24278A0600BC32AA /* Frameworks */,
				4ECAE55C24278A0600BC32AA /* Resources */,
				5C599BAC99AB2E31C737B8F3 /* [CP] Embed Pods Frameworks */,
				9FE1933C9F0492194293F27C /* [CP] Copy Pods Resources */,
			);
			buildRules = (
			);
			dependencies = (
			);
			name = KabNews;
			productName = KabNews;
			productReference = 4ECAE55E24278A0600BC32AA /* KabNews.app */;
			productType = "com.apple.product-type.application";
		};
/* End PBXNativeTarget section */

/* Begin PBXProject section */
		4ECAE55624278A0600BC32AA /* Project object */ = {
			isa = PBXProject;
			attributes = {
				LastSwiftUpdateCheck = 1130;
				LastUpgradeCheck = 1200;
				ORGANIZATIONNAME = "Christian Kabouchy";
				TargetAttributes = {
					4ECAE55D24278A0600BC32AA = {
						CreatedOnToolsVersion = 11.3.1;
					};
				};
			};
			buildConfigurationList = 4ECAE55924278A0600BC32AA /* Build configuration list for PBXProject "KabNews" */;
			compatibilityVersion = "Xcode 9.3";
			developmentRegion = en;
			hasScannedForEncodings = 0;
			knownRegions = (
				en,
				Base,
			);
			mainGroup = 4ECAE55524278A0600BC32AA;
			productRefGroup = 4ECAE55F24278A0600BC32AA /* Products */;
			projectDirPath = "";
			projectRoot = "";
			targets = (
				4ECAE55D24278A0600BC32AA /* KabNews */,
			);
		};
/* End PBXProject section */

/* Begin PBXResourcesBuildPhase section */
		4ECAE55C24278A0600BC32AA /* Resources */ = {
			isa = PBXResourcesBuildPhase;
			buildActionMask = 2147483647;
			files = (
				4ECAE56E24278A0900BC32AA /* LaunchScreen.storyboard in Resources */,
				4EA55AEE243628C300331C43 /* GoogleService-Info.plist in Resources */,
				4ECAE56B24278A0900BC32AA /* Preview Assets.xcassets in Resources */,
				4ECAE56824278A0900BC32AA /* Assets.xcassets in Resources */,
			);
			runOnlyForDeploymentPostprocessing = 0;
		};
/* End PBXResourcesBuildPhase section */

/* Begin PBXShellScriptBuildPhase section */
		5C599BAC99AB2E31C737B8F3 /* [CP] Embed Pods Frameworks */ = {
			isa = PBXShellScriptBuildPhase;
			buildActionMask = 2147483647;
			files = (
			);
			inputFileListPaths = (
				"${PODS_ROOT}/Target Support Files/Pods-KabNews/Pods-KabNews-frameworks-${CONFIGURATION}-input-files.xcfilelist",
			);
			name = "[CP] Embed Pods Frameworks";
			outputFileListPaths = (
				"${PODS_ROOT}/Target Support Files/Pods-KabNews/Pods-KabNews-frameworks-${CONFIGURATION}-output-files.xcfilelist",
			);
			runOnlyForDeploymentPostprocessing = 0;
			shellPath = /bin/sh;
			shellScript = "\"${PODS_ROOT}/Target Support Files/Pods-KabNews/Pods-KabNews-frameworks.sh\"\n";
			showEnvVarsInLog = 0;
		};
		88EB35E1D012007D7EB1AFFF /* [CP] Check Pods Manifest.lock */ = {
			isa = PBXShellScriptBuildPhase;
			buildActionMask = 2147483647;
			files = (
			);
			inputFileListPaths = (
			);
			inputPaths = (
				"${PODS_PODFILE_DIR_PATH}/Podfile.lock",
				"${PODS_ROOT}/Manifest.lock",
			);
			name = "[CP] Check Pods Manifest.lock";
			outputFileListPaths = (
			);
			outputPaths = (
				"$(DERIVED_FILE_DIR)/Pods-KabNews-checkManifestLockResult.txt",
			);
			runOnlyForDeploymentPostprocessing = 0;
			shellPath = /bin/sh;
			shellScript = "diff \"${PODS_PODFILE_DIR_PATH}/Podfile.lock\" \"${PODS_ROOT}/Manifest.lock\" > /dev/null\nif [ $? != 0 ] ; then\n    # print error to STDERR\n    echo \"error: The sandbox is not in sync with the Podfile.lock. Run 'pod install' or update your CocoaPods installation.\" >&2\n    exit 1\nfi\n# This output is used by Xcode 'outputs' to avoid re-running this script phase.\necho \"SUCCESS\" > \"${SCRIPT_OUTPUT_FILE_0}\"\n";
			showEnvVarsInLog = 0;
		};
		9FE1933C9F0492194293F27C /* [CP] Copy Pods Resources */ = {
			isa = PBXShellScriptBuildPhase;
			buildActionMask = 2147483647;
			files = (
			);
			inputFileListPaths = (
				"${PODS_ROOT}/Target Support Files/Pods-KabNews/Pods-KabNews-resources-${CONFIGURATION}-input-files.xcfilelist",
			);
			name = "[CP] Copy Pods Resources";
			outputFileListPaths = (
				"${PODS_ROOT}/Target Support Files/Pods-KabNews/Pods-KabNews-resources-${CONFIGURATION}-output-files.xcfilelist",
			);
			runOnlyForDeploymentPostprocessing = 0;
			shellPath = /bin/sh;
			shellScript = "\"${PODS_ROOT}/Target Support Files/Pods-KabNews/Pods-KabNews-resources.sh\"\n";
			showEnvVarsInLog = 0;
		};
/* End PBXShellScriptBuildPhase section */

/* Begin PBXSourcesBuildPhase section */
		4ECAE55A24278A0600BC32AA /* Sources */ = {
			isa = PBXSourcesBuildPhase;
			buildActionMask = 2147483647;
			files = (
				4E157B602440DF3600BE0C81 /* HotTopicsView.swift in Sources */,
				4E0DF5A62448A82A0029EC24 /* WebView.swift in Sources */,
				4EF91D6D24379B0600EC53C6 /* LogInView.swift in Sources */,
				4E8A99EC2545E91200EFECB9 /* ImageView.swift in Sources */,
				4E70AD35242D0B57007ACD09 /* NewsModel.swift in Sources */,
				4EA988D1243A4D3500863D7F /* ContentView.swift in Sources */,
				4ECAE56224278A0600BC32AA /* AppDelegate.swift in Sources */,
				4EB5500D2427C9AF001BDC2D /* MainView.swift in Sources */,
				4EB5500F2427CB71001BDC2D /* HighlightView.swift in Sources */,
				4EA988CF243A357000863D7F /* SignUpView.swift in Sources */,
				4ECAE56424278A0600BC32AA /* SceneDelegate.swift in Sources */,
				4E281BAF25DAE63300E25C3D /* PreferencesView.swift in Sources */,
				4EF82500243F66420008954D /* SettingView.swift in Sources */,
				4E55BC58243398B00062FF40 /* ImageLoader.swift in Sources */,
				4E70AD31242CF9BD007ACD09 /* NewsManager.swift in Sources */,
				4ECAE56624278A0600BC32AA /* TopView.swift in Sources */,
				4E70AD33242CFE9B007ACD09 /* NewsData.swift in Sources */,
				4EA3C8852444A6BC00E2A069 /* LatestNewsView.swift in Sources */,
			);
			runOnlyForDeploymentPostprocessing = 0;
		};
/* End PBXSourcesBuildPhase section */

/* Begin PBXVariantGroup section */
		4ECAE56C24278A0900BC32AA /* LaunchScreen.storyboard */ = {
			isa = PBXVariantGroup;
			children = (
				4ECAE56D24278A0900BC32AA /* Base */,
			);
			name = LaunchScreen.storyboard;
			sourceTree = "<group>";
		};
/* End PBXVariantGroup section */

/* Begin XCBuildConfiguration section */
		4ECAE57024278A0900BC32AA /* Debug */ = {
			isa = XCBuildConfiguration;
			buildSettings = {
				ALWAYS_SEARCH_USER_PATHS = NO;
				CLANG_ANALYZER_NONNULL = YES;
				CLANG_ANALYZER_NUMBER_OBJECT_CONVERSION = YES_AGGRESSIVE;
				CLANG_CXX_LANGUAGE_STANDARD = "gnu++14";
				CLANG_CXX_LIBRARY = "libc++";
				CLANG_ENABLE_MODULES = YES;
				CLANG_ENABLE_OBJC_ARC = YES;
				CLANG_ENABLE_OBJC_WEAK = YES;
				CLANG_WARN_BLOCK_CAPTURE_AUTORELEASING = YES;
				CLANG_WARN_BOOL_CONVERSION = YES;
				CLANG_WARN_COMMA = YES;
				CLANG_WARN_CONSTANT_CONVERSION = YES;
				CLANG_WARN_DEPRECATED_OBJC_IMPLEMENTATIONS = YES;
				CLANG_WARN_DIRECT_OBJC_ISA_USAGE = YES_ERROR;
				CLANG_WARN_DOCUMENTATION_COMMENTS = YES;
				CLANG_WARN_EMPTY_BODY = YES;
				CLANG_WARN_ENUM_CONVERSION = YES;
				CLANG_WARN_INFINITE_RECURSION = YES;
				CLANG_WARN_INT_CONVERSION = YES;
				CLANG_WARN_NON_LITERAL_NULL_CONVERSION = YES;
				CLANG_WARN_OBJC_IMPLICIT_RETAIN_SELF = YES;
				CLANG_WARN_OBJC_LITERAL_CONVERSION = YES;
				CLANG_WARN_OBJC_ROOT_CLASS = YES_ERROR;
				CLANG_WARN_QUOTED_INCLUDE_IN_FRAMEWORK_HEADER = YES;
				CLANG_WARN_RANGE_LOOP_ANALYSIS = YES;
				CLANG_WARN_STRICT_PROTOTYPES = YES;
				CLANG_WARN_SUSPICIOUS_MOVE = YES;
				CLANG_WARN_UNGUARDED_AVAILABILITY = YES_AGGRESSIVE;
				CLANG_WARN_UNREACHABLE_CODE = YES;
				CLANG_WARN__DUPLICATE_METHOD_MATCH = YES;
				COPY_PHASE_STRIP = NO;
				DEBUG_INFORMATION_FORMAT = dwarf;
				ENABLE_STRICT_OBJC_MSGSEND = YES;
				ENABLE_TESTABILITY = YES;
				GCC_C_LANGUAGE_STANDARD = gnu11;
				GCC_DYNAMIC_NO_PIC = NO;
				GCC_NO_COMMON_BLOCKS = YES;
				GCC_OPTIMIZATION_LEVEL = 0;
				GCC_PREPROCESSOR_DEFINITIONS = (
					"DEBUG=1",
					"$(inherited)",
				);
				GCC_WARN_64_TO_32_BIT_CONVERSION = YES;
				GCC_WARN_ABOUT_RETURN_TYPE = YES_ERROR;
				GCC_WARN_UNDECLARED_SELECTOR = YES;
				GCC_WARN_UNINITIALIZED_AUTOS = YES_AGGRESSIVE;
				GCC_WARN_UNUSED_FUNCTION = YES;
				GCC_WARN_UNUSED_VARIABLE = YES;
				IPHONEOS_DEPLOYMENT_TARGET = 13.2;
				MTL_ENABLE_DEBUG_INFO = INCLUDE_SOURCE;
				MTL_FAST_MATH = YES;
				ONLY_ACTIVE_ARCH = YES;
				SDKROOT = iphoneos;
				SWIFT_ACTIVE_COMPILATION_CONDITIONS = DEBUG;
				SWIFT_OPTIMIZATION_LEVEL = "-Onone";
			};
			name = Debug;
		};
		4ECAE57124278A0900BC32AA /* Release */ = {
			isa = XCBuildConfiguration;
			buildSettings = {
				ALWAYS_SEARCH_USER_PATHS = NO;
				CLANG_ANALYZER_NONNULL = YES;
				CLANG_ANALYZER_NUMBER_OBJECT_CONVERSION = YES_AGGRESSIVE;
				CLANG_CXX_LANGUAGE_STANDARD = "gnu++14";
				CLANG_CXX_LIBRARY = "libc++";
				CLANG_ENABLE_MODULES = YES;
				CLANG_ENABLE_OBJC_ARC = YES;
				CLANG_ENABLE_OBJC_WEAK = YES;
				CLANG_WARN_BLOCK_CAPTURE_AUTORELEASING = YES;
				CLANG_WARN_BOOL_CONVERSION = YES;
				CLANG_WARN_COMMA = YES;
				CLANG_WARN_CONSTANT_CONVERSION = YES;
				CLANG_WARN_DEPRECATED_OBJC_IMPLEMENTATIONS = YES;
				CLANG_WARN_DIRECT_OBJC_ISA_USAGE = YES_ERROR;
				CLANG_WARN_DOCUMENTATION_COMMENTS = YES;
				CLANG_WARN_EMPTY_BODY = YES;
				CLANG_WARN_ENUM_CONVERSION = YES;
				CLANG_WARN_INFINITE_RECURSION = YES;
				CLANG_WARN_INT_CONVERSION = YES;
				CLANG_WARN_NON_LITERAL_NULL_CONVERSION = YES;
				CLANG_WARN_OBJC_IMPLICIT_RETAIN_SELF = YES;
				CLANG_WARN_OBJC_LITERAL_CONVERSION = YES;
				CLANG_WARN_OBJC_ROOT_CLASS = YES_ERROR;
				CLANG_WARN_QUOTED_INCLUDE_IN_FRAMEWORK_HEADER = YES;
				CLANG_WARN_RANGE_LOOP_ANALYSIS = YES;
				CLANG_WARN_STRICT_PROTOTYPES = YES;
				CLANG_WARN_SUSPICIOUS_MOVE = YES;
				CLANG_WARN_UNGUARDED_AVAILABILITY = YES_AGGRESSIVE;
				CLANG_WARN_UNREACHABLE_CODE = YES;
				CLANG_WARN__DUPLICATE_METHOD_MATCH = YES;
				COPY_PHASE_STRIP = NO;
				DEBUG_INFORMATION_FORMAT = "dwarf-with-dsym";
				ENABLE_NS_ASSERTIONS = NO;
				ENABLE_STRICT_OBJC_MSGSEND = YES;
				GCC_C_LANGUAGE_STANDARD = gnu11;
				GCC_NO_COMMON_BLOCKS = YES;
				GCC_WARN_64_TO_32_BIT_CONVERSION = YES;
				GCC_WARN_ABOUT_RETURN_TYPE = YES_ERROR;
				GCC_WARN_UNDECLARED_SELECTOR = YES;
				GCC_WARN_UNINITIALIZED_AUTOS = YES_AGGRESSIVE;
				GCC_WARN_UNUSED_FUNCTION = YES;
				GCC_WARN_UNUSED_VARIABLE = YES;
				IPHONEOS_DEPLOYMENT_TARGET = 13.2;
				MTL_ENABLE_DEBUG_INFO = NO;
				MTL_FAST_MATH = YES;
				SDKROOT = iphoneos;
				SWIFT_COMPILATION_MODE = wholemodule;
				SWIFT_OPTIMIZATION_LEVEL = "-O";
				VALIDATE_PRODUCT = YES;
			};
			name = Release;
		};
		4ECAE57324278A0900BC32AA /* Debug */ = {
			isa = XCBuildConfiguration;
			baseConfigurationReference = DD617ABD0DB9366EED3ACB52 /* Pods-KabNews.debug.xcconfig */;
			buildSettings = {
				ASSETCATALOG_COMPILER_APPICON_NAME = AppIcon;
				CODE_SIGN_STYLE = Automatic;
				DEVELOPMENT_ASSET_PATHS = "\"KabNews/Preview Content\"";
				ENABLE_PREVIEWS = YES;
				INFOPLIST_FILE = KabNews/Info.plist;
				IPHONEOS_DEPLOYMENT_TARGET = 13.2;
				LD_RUNPATH_SEARCH_PATHS = (
					"$(inherited)",
					"@executable_path/Frameworks",
				);
				OTHER_LDFLAGS = (
					"$(inherited)",
					"-ObjC",
					"-l\"z\"",
					"-framework",
					"\"AppAuth\"",
					"-framework",
					"\"CoreGraphics\"",
					"-framework",
					"\"CoreTelephony\"",
					"-framework",
					"\"CoreText\"",
					"-framework",
					"\"FBLPromises\"",
					"-framework",
					"\"FirebaseAuth\"",
					"-framework",
					"\"FirebaseCore\"",
					"-framework",
					"\"FirebaseCoreDiagnostics\"",
					"-framework",
					"\"Foundation\"",
					"-framework",
					"\"GTMAppAuth\"",
					"-framework",
					"\"GTMSessionFetcher\"",
					"-framework",
					"\"GoogleDataTransport\"",
					"-framework",
					"\"GoogleSignIn\"",
					"-framework",
					"\"GoogleUtilities\"",
					"-framework",
					"\"LocalAuthentication\"",
					"-framework",
					"\"SafariServices\"",
					"-framework",
					"\"Security\"",
					"-framework",
					"\"SystemConfiguration\"",
					"-framework",
					"\"UIKit\"",
					"-framework",
					"\"nanopb\"",
					"-weak_framework",
					"\"AuthenticationServices\"",
				);
				PRODUCT_BUNDLE_IDENTIFIER = com.christiankabbouchy.KabNews;
				PRODUCT_NAME = "$(TARGET_NAME)";
				SWIFT_VERSION = 5.0;
				TARGETED_DEVICE_FAMILY = "1,2";
			};
			name = Debug;
		};
		4ECAE57424278A0900BC32AA /* Release */ = {
			isa = XCBuildConfiguration;
			baseConfigurationReference = 8129B4344619DDC7D9A8D288 /* Pods-KabNews.release.xcconfig */;
			buildSettings = {
				ASSETCATALOG_COMPILER_APPICON_NAME = AppIcon;
				CODE_SIGN_STYLE = Automatic;
				DEVELOPMENT_ASSET_PATHS = "\"KabNews/Preview Content\"";
				ENABLE_PREVIEWS = YES;
				INFOPLIST_FILE = KabNews/Info.plist;
				IPHONEOS_DEPLOYMENT_TARGET = 13.2;
				LD_RUNPATH_SEARCH_PATHS = (
					"$(inherited)",
					"@executable_path/Frameworks",
				);
				OTHER_LDFLAGS = (
					"$(inherited)",
					"-ObjC",
					"-l\"z\"",
					"-framework",
					"\"AppAuth\"",
					"-framework",
					"\"CoreGraphics\"",
					"-framework",
					"\"CoreTelephony\"",
					"-framework",
					"\"CoreText\"",
					"-framework",
					"\"FBLPromises\"",
					"-framework",
					"\"FirebaseAuth\"",
					"-framework",
					"\"FirebaseCore\"",
					"-framework",
					"\"FirebaseCoreDiagnostics\"",
					"-framework",
					"\"Foundation\"",
					"-framework",
					"\"GTMAppAuth\"",
					"-framework",
					"\"GTMSessionFetcher\"",
					"-framework",
					"\"GoogleDataTransport\"",
					"-framework",
					"\"GoogleSignIn\"",
					"-framework",
					"\"GoogleUtilities\"",
					"-framework",
					"\"LocalAuthentication\"",
					"-framework",
					"\"SafariServices\"",
					"-framework",
					"\"Security\"",
					"-framework",
					"\"SystemConfiguration\"",
					"-framework",
					"\"UIKit\"",
					"-framework",
					"\"nanopb\"",
					"-weak_framework",
					"\"AuthenticationServices\"",
				);
				PRODUCT_BUNDLE_IDENTIFIER = com.christiankabbouchy.KabNews;
				PRODUCT_NAME = "$(TARGET_NAME)";
				SWIFT_VERSION = 5.0;
				TARGETED_DEVICE_FAMILY = "1,2";
			};
			name = Release;
		};
/* End XCBuildConfiguration section */

/* Begin XCConfigurationList section */
		4ECAE55924278A0600BC32AA /* Build configuration list for PBXProject "KabNews" */ = {
			isa = XCConfigurationList;
			buildConfigurations = (
				4ECAE57024278A0900BC32AA /* Debug */,
				4ECAE57124278A0900BC32AA /* Release */,
			);
			defaultConfigurationIsVisible = 0;
			defaultConfigurationName = Release;
		};
		4ECAE57224278A0900BC32AA /* Build configuration list for PBXNativeTarget "KabNews" */ = {
			isa = XCConfigurationList;
			buildConfigurations = (
				4ECAE57324278A0900BC32AA /* Debug */,
				4ECAE57424278A0900BC32AA /* Release */,
			);
			defaultConfigurationIsVisible = 0;
			defaultConfigurationName = Release;
		};
/* End XCConfigurationList section */
	};
	rootObject = 4ECAE55624278A0600BC32AA /* Project object */;
}
